# THIS IS AN AUTOGENERATED FILE. DO NOT EDIT THIS FILE DIRECTLY.
# yarn lockfile v1


json-templater@^1.2.0:
  version "1.2.0"
  resolved "https://registry.yarnpkg.com/json-templater/-/json-templater-1.2.0.tgz#d12c96c7781d8451d623a8bee9b58f6901a8b15e"

stjs@^0.0.5:
  version "0.0.5"
  resolved "https://registry.yarnpkg.com/stjs/-/stjs-0.0.5.tgz#3e594645ccb41fb97b80b279093e2f9e4fb1738e"
